[root]
name = "window-hider"
version = "0.1.0"
dependencies = [
 "comctl32-sys 0.2.0 (registry+https://github.com/rust-lang/crates.io-index)",
 "gdi32-sys 0.1.1 (registry+https://github.com/rust-lang/crates.io-index)",
 "kernel32-sys 0.1.4 (registry+https://github.com/rust-lang/crates.io-index)",
 "user32-sys 0.1.2 (registry+https://github.com/rust-lang/crates.io-index)",
 "winapi 0.2.8 (registry+https://github.com/rust-lang/crates.io-index)",
]

[[package]]
name = "comctl32-sys"
version = "0.2.0"
source = "registry+https://github.com/rust-lang/crates.io-index"
dependencies = [
 "winapi 0.2.8 (registry+https://github.com/rust-lang/crates.io-index)",
 "winapi-build 0.1.1 (registry+https://github.com/rust-lang/crates.io-index)",
]

[[package]]
name = "gdi32-sys"
version = "0.1.1"
source = "registry+https://github.com/rust-lang/crates.io-index"
dependencies = [
 "winapi 0.2.8 (registry+https://github.com/rust-lang/crates.io-index)",
]

[[package]]
name = "kernel32-sys"
version = "0.1.4"
source = "registry+https://github.com/rust-lang/crates.io-index"
dependencies = [
 "winapi 0.2.8 (registry+https://github.com/rust-lang/crates.io-index)",
 "winapi-build 0.1.1 (registry+https://github.com/rust-lang/crates.io-index)",
]

[[package]]
name = "user32-sys"
version = "0.1.2"
source = "registry+https://github.com/rust-lang/crates.io-index"
dependencies = [
 "winapi 0.2.8 (registry+https://github.com/rust-lang/crates.io-index)",
 "winapi-build 0.1.1 (registry+https://github.com/rust-lang/crates.io-index)",
]

[[package]]
name = "winapi"
version = "0.2.8"
source = "registry+https://github.com/rust-lang/crates.io-index"

[[package]]
name = "winapi-build"
version = "0.1.1"
source = "registry+https://github.com/rust-lang/crates.io-index"

[metadata]
"checksum comctl32-sys 0.2.0 (registry+https://github.com/rust-lang/crates.io-index)" = "501059297403e29a57d29692180bb40acadf8dd4d05f9d55dff4fdf3fcc5b125"
"checksum gdi32-sys 0.1.1 (registry+https://github.com/rust-lang/crates.io-index)" = "65256ec4dc2592e6f05bfc1ca3b956a4e0698aa90b1dff1f5687d55a5a3fd59a"
"checksum kernel32-sys 0.1.4 (registry+https://github.com/rust-lang/crates.io-index)" = "e014dab1082fd9d80ea1fa6fcb261b47ed3eb511612a14198bb507701add083e"
"checksum user32-sys 0.1.2 (registry+https://github.com/rust-lang/crates.io-index)" = "6717129de5ac253f5642fc78a51d0c7de6f9f53d617fc94e9bae7f6e71cf5504"
"checksum winapi 0.2.8 (registry+https://github.com/rust-lang/crates.io-index)" = "167dc9d6949a9b857f3451275e911c3f44255842c1f7a76f33c55103a909087a"
"checksum winapi-build 0.1.1 (registry+https://github.com/rust-lang/crates.io-index)" = "2d315eee3b34aca4797b2da6b13ed88266e6d612562a0c46390af8299fc699bc"
